
Microsoft Visual Studio Solution File, Format Version 12.00
# Visual Studio Version 17
VisualStudioVersion = 17.0.32126.317
MinimumVisualStudioVersion = 10.0.40219.1
Project("{FAE04EC0-301F-11D3-BF4B-00C04F79EFBC}") = "Restaurante", "Restaurante.csproj", "{CBE12E65-3511-46F5-91B7-A6C8AD8E14A4}"
EndProject
Global
	GlobalSection(SolutionConfigurationPlatforms) = preSolution
		Debug|Any CPU = Debug|Any CPU
		Release|Any CPU = Release|Any CPU
	EndGlobalSection
	GlobalSection(ProjectConfigurationPlatforms) = postSolution
		{CBE12E65-3511-46F5-91B7-A6C8AD8E14A4}.Debug|Any CPU.ActiveCfg = Debug|Any CPU
		{CBE12E65-3511-46F5-91B7-A6C8AD8E14A4}.Debug|Any CPU.Build.0 = Debug|Any CPU
		{CBE12E65-3511-46F5-91B7-A6C8AD8E14A4}.Release|Any CPU.ActiveCfg = Release|Any CPU
		{CBE12E65-3511-46F5-91B7-A6C8AD8E14A4}.Release|Any CPU.Build.0 = Release|Any CPU
	EndGlobalSection
	GlobalSection(SolutionProperties) = preSolution
		HideSolutionNode = FALSE
	EndGlobalSection
	GlobalSection(ExtensibilityGlobals) = postSolution
		SolutionGuid = {BA84FECC-3B9F-46DC-95FB-C068170DC90F}
	EndGlobalSection
EndGlobal
